<?xml version="1.0" encoding="utf-8"?>
<Project ToolsVersion="4.0" xmlns="http://schemas.microsoft.com/developer/msbuild/2003">
  <ItemGroup>
    <Filter Include="Source Files">
      <UniqueIdentifier>{4FC737F1-C7A5-4376-A066-2A32D752A2FF}</UniqueIdentifier>
      <Extensions>cpp;c;cc;cxx;c++;cppm;ixx;def;odl;idl;hpj;bat;asm;asmx</Extensions>
    </Filter>
    <Filter Include="Header Files">
      <UniqueIdentifier>{93995380-89BD-4b04-88EB-625FBE52EBFB}</UniqueIdentifier>
      <Extensions>h;hh;hpp;hxx;h++;hm;inl;inc;ipp;xsd</Extensions>
    </Filter>
    <Filter Include="Resource Files">
      <UniqueIdentifier>{67DA6AB6-F800-4c08-8B7A-83BB121AAD01}</UniqueIdentifier>
      <Extensions>rc;ico;cur;bmp;dlg;rc2;rct;bin;rgs;gif;jpg;jpeg;jpe;resx;tiff;tif;png;wav;mfcribbon-ms</Extensions>
    </Filter>
  </ItemGroup>
  <ItemGroup>
    <ClCompile Include="entry.cpp">
      <Filter>Source Files</Filter>
    </ClCompile>
    <ClCompile Include="src\rbx\instance\instance.cpp">
      <Filter>Source Files</Filter>
    </ClCompile>
    <ClCompile Include="src\rbx\logs\datamodel\datamodel.cpp">
      <Filter>Source Files</Filter>
    </ClCompile>
    <ClCompile Include="src\utils\memory\memory.cpp">
      <Filter>Source Files</Filter>
    </ClCompile>
    <ClCompile Include="dependencies\zstd\common\debug.c">
      <Filter>Source Files</Filter>
    </ClCompile>
    <ClCompile Include="dependencies\zstd\common\entropy_common.c">
      <Filter>Source Files</Filter>
    </ClCompile>
    <ClCompile Include="dependencies\zstd\common\error_private.c">
      <Filter>Source Files</Filter>
    </ClCompile>
    <ClCompile Include="dependencies\zstd\common\fse_decompress.c">
      <Filter>Source Files</Filter>
    </ClCompile>
    <ClCompile Include="dependencies\zstd\common\pool.c">
      <Filter>Source Files</Filter>
    </ClCompile>
    <ClCompile Include="dependencies\zstd\common\threading.c">
      <Filter>Source Files</Filter>
    </ClCompile>
    <ClCompile Include="dependencies\zstd\common\xxhash.c">
      <Filter>Source Files</Filter>
    </ClCompile>
    <ClCompile Include="dependencies\zstd\common\zstd_common.c">
      <Filter>Source Files</Filter>
    </ClCompile>
    <ClCompile Include="dependencies\zstd\compress\fse_compress.c">
      <Filter>Source Files</Filter>
    </ClCompile>
    <ClCompile Include="dependencies\zstd\compress\hist.c">
      <Filter>Source Files</Filter>
    </ClCompile>
    <ClCompile Include="dependencies\zstd\compress\huf_compress.c">
      <Filter>Source Files</Filter>
    </ClCompile>
    <ClCompile Include="dependencies\zstd\compress\zstd_compress.c">
      <Filter>Source Files</Filter>
    </ClCompile>
    <ClCompile Include="dependencies\zstd\compress\zstd_compress_literals.c">
      <Filter>Source Files</Filter>
    </ClCompile>
    <ClCompile Include="dependencies\zstd\compress\zstd_compress_sequences.c">
      <Filter>Source Files</Filter>
    </ClCompile>
    <ClCompile Include="dependencies\zstd\compress\zstd_compress_superblock.c">
      <Filter>Source Files</Filter>
    </ClCompile>
    <ClCompile Include="dependencies\zstd\compress\zstd_double_fast.c">
      <Filter>Source Files</Filter>
    </ClCompile>
    <ClCompile Include="dependencies\zstd\compress\zstd_fast.c">
      <Filter>Source Files</Filter>
    </ClCompile>
    <ClCompile Include="dependencies\zstd\compress\zstd_lazy.c">
      <Filter>Source Files</Filter>
    </ClCompile>
    <ClCompile Include="dependencies\zstd\compress\zstd_ldm.c">
      <Filter>Source Files</Filter>
    </ClCompile>
    <ClCompile Include="dependencies\zstd\compress\zstd_opt.c">
      <Filter>Source Files</Filter>
    </ClCompile>
    <ClCompile Include="dependencies\zstd\compress\zstd_preSplit.c">
      <Filter>Source Files</Filter>
    </ClCompile>
    <ClCompile Include="dependencies\zstd\compress\zstdmt_compress.c">
      <Filter>Source Files</Filter>
    </ClCompile>
    <ClCompile Include="dependencies\zstd\decompress\huf_decompress.c">
      <Filter>Source Files</Filter>
    </ClCompile>
    <ClCompile Include="dependencies\zstd\decompress\zstd_ddict.c">
      <Filter>Source Files</Filter>
    </ClCompile>
    <ClCompile Include="dependencies\zstd\decompress\zstd_decompress.c">
      <Filter>Source Files</Filter>
    </ClCompile>
    <ClCompile Include="dependencies\zstd\decompress\zstd_decompress_block.c">
      <Filter>Source Files</Filter>
    </ClCompile>
    <ClCompile Include="dependencies\zstd\deprecated\zbuff_common.c">
      <Filter>Source Files</Filter>
    </ClCompile>
    <ClCompile Include="dependencies\zstd\deprecated\zbuff_compress.c">
      <Filter>Source Files</Filter>
    </ClCompile>
    <ClCompile Include="dependencies\zstd\deprecated\zbuff_decompress.c">
      <Filter>Source Files</Filter>
    </ClCompile>
    <ClCompile Include="dependencies\zstd\dictBuilder\cover.c">
      <Filter>Source Files</Filter>
    </ClCompile>
    <ClCompile Include="dependencies\zstd\dictBuilder\divsufsort.c">
      <Filter>Source Files</Filter>
    </ClCompile>
    <ClCompile Include="dependencies\zstd\dictBuilder\fastcover.c">
      <Filter>Source Files</Filter>
    </ClCompile>
    <ClCompile Include="dependencies\zstd\dictBuilder\zdict.c">
      <Filter>Source Files</Filter>
    </ClCompile>
    <ClCompile Include="dependencies\zstd\legacy\zstd_v01.c">
      <Filter>Source Files</Filter>
    </ClCompile>
    <ClCompile Include="dependencies\zstd\legacy\zstd_v02.c">
      <Filter>Source Files</Filter>
    </ClCompile>
    <ClCompile Include="dependencies\zstd\legacy\zstd_v03.c">
      <Filter>Source Files</Filter>
    </ClCompile>
    <ClCompile Include="dependencies\zstd\legacy\zstd_v04.c">
      <Filter>Source Files</Filter>
    </ClCompile>
    <ClCompile Include="dependencies\zstd\legacy\zstd_v05.c">
      <Filter>Source Files</Filter>
    </ClCompile>
    <ClCompile Include="dependencies\zstd\legacy\zstd_v06.c">
      <Filter>Source Files</Filter>
    </ClCompile>
    <ClCompile Include="dependencies\zstd\legacy\zstd_v07.c">
      <Filter>Source Files</Filter>
    </ClCompile>
    <ClCompile Include="dependencies\Luau\Ast.cpp">
      <Filter>Source Files</Filter>
    </ClCompile>
    <ClCompile Include="dependencies\Luau\BuiltinFolding.cpp">
      <Filter>Source Files</Filter>
    </ClCompile>
    <ClCompile Include="dependencies\Luau\Builtins.cpp">
      <Filter>Source Files</Filter>
    </ClCompile>
    <ClCompile Include="dependencies\Luau\BytecodeBuilder.cpp">
      <Filter>Source Files</Filter>
    </ClCompile>
    <ClCompile Include="dependencies\Luau\Compiler.cpp">
      <Filter>Source Files</Filter>
    </ClCompile>
    <ClCompile Include="dependencies\Luau\Confusables.cpp">
      <Filter>Source Files</Filter>
    </ClCompile>
    <ClCompile Include="dependencies\Luau\ConstantFolding.cpp">
      <Filter>Source Files</Filter>
    </ClCompile>
    <ClCompile Include="dependencies\Luau\CostModel.cpp">
      <Filter>Source Files</Filter>
    </ClCompile>
    <ClCompile Include="dependencies\Luau\lcode.cpp">
      <Filter>Source Files</Filter>
    </ClCompile>
    <ClCompile Include="dependencies\Luau\Lexer.cpp">
      <Filter>Source Files</Filter>
    </ClCompile>
    <ClCompile Include="dependencies\Luau\Location.cpp">
      <Filter>Source Files</Filter>
    </ClCompile>
    <ClCompile Include="dependencies\Luau\Parser.cpp">
      <Filter>Source Files</Filter>
    </ClCompile>
    <ClCompile Include="dependencies\Luau\StringUtils.cpp">
      <Filter>Source Files</Filter>
    </ClCompile>
    <ClCompile Include="dependencies\Luau\TableShape.cpp">
      <Filter>Source Files</Filter>
    </ClCompile>
    <ClCompile Include="dependencies\Luau\TimeTrace.cpp">
      <Filter>Source Files</Filter>
    </ClCompile>
    <ClCompile Include="dependencies\Luau\Types.cpp">
      <Filter>Source Files</Filter>
    </ClCompile>
    <ClCompile Include="dependencies\Luau\ValueTracking.cpp">
      <Filter>Source Files</Filter>
    </ClCompile>
    <ClCompile Include="dependencies\imgui\backends\imgui_impl_dx11.cpp">
      <Filter>Source Files</Filter>
    </ClCompile>
    <ClCompile Include="dependencies\imgui\backends\imgui_impl_win32.cpp">
      <Filter>Source Files</Filter>
    </ClCompile>
    <ClCompile Include="dependencies\imgui\imgui.cpp">
      <Filter>Source Files</Filter>
    </ClCompile>
    <ClCompile Include="dependencies\imgui\imgui_demo.cpp">
      <Filter>Source Files</Filter>
    </ClCompile>
    <ClCompile Include="dependencies\imgui\imgui_draw.cpp">
      <Filter>Source Files</Filter>
    </ClCompile>
    <ClCompile Include="dependencies\imgui\imgui_tables.cpp">
      <Filter>Source Files</Filter>
    </ClCompile>
    <ClCompile Include="dependencies\imgui\imgui_widgets.cpp">
      <Filter>Source Files</Filter>
    </ClCompile>
    <ClCompile Include="dependencies\imgui\TextEditor\TextEditor.cpp">
      <Filter>Source Files</Filter>
    </ClCompile>
    <ClCompile Include="src\overlay\overlay.cpp">
      <Filter>Source Files</Filter>
    </ClCompile>
  </ItemGroup>
  <ItemGroup>
    <ClInclude Include="src\rbx\instance\instance.hpp">
      <Filter>Header Files</Filter>
    </ClInclude>
    <ClInclude Include="src\rbx\logs\datamodel\datamodel.hpp">
      <Filter>Header Files</Filter>
    </ClInclude>
    <ClInclude Include="src\utils\memory\memory.hpp">
      <Filter>Header Files</Filter>
    </ClInclude>
    <ClInclude Include="src\utils\memory\WinAPI.hpp">
      <Filter>Header Files</Filter>
    </ClInclude>
    <ClInclude Include="src\rbx\storage\storage.hpp">
      <Filter>Header Files</Filter>
    </ClInclude>
    <ClInclude Include="dependencies\Luau\Ast.h">
      <Filter>Header Files</Filter>
    </ClInclude>
    <ClInclude Include="dependencies\Luau\Bytecode.h">
      <Filter>Header Files</Filter>
    </ClInclude>
    <ClInclude Include="dependencies\Luau\BytecodeBuilder.h">
      <Filter>Header Files</Filter>
    </ClInclude>
    <ClInclude Include="dependencies\Luau\BytecodeUtils.h">
      <Filter>Header Files</Filter>
    </ClInclude>
    <ClInclude Include="dependencies\Luau\Common.h">
      <Filter>Header Files</Filter>
    </ClInclude>
    <ClInclude Include="dependencies\Luau\Compiler.h">
      <Filter>Header Files</Filter>
    </ClInclude>
    <ClInclude Include="dependencies\Luau\Confusables.h">
      <Filter>Header Files</Filter>
    </ClInclude>
    <ClInclude Include="dependencies\Luau\DenseHash.h">
      <Filter>Header Files</Filter>
    </ClInclude>
    <ClInclude Include="dependencies\Luau\ExperimentalFlags.h">
      <Filter>Header Files</Filter>
    </ClInclude>
    <ClInclude Include="dependencies\Luau\Lexer.h">
      <Filter>Header Files</Filter>
    </ClInclude>
    <ClInclude Include="dependencies\Luau\Location.h">
      <Filter>Header Files</Filter>
    </ClInclude>
    <ClInclude Include="dependencies\Luau\ParseOptions.h">
      <Filter>Header Files</Filter>
    </ClInclude>
    <ClInclude Include="dependencies\Luau\Parser.h">
      <Filter>Header Files</Filter>
    </ClInclude>
    <ClInclude Include="dependencies\Luau\ParseResult.h">
      <Filter>Header Files</Filter>
    </ClInclude>
    <ClInclude Include="dependencies\Luau\StringUtils.h">
      <Filter>Header Files</Filter>
    </ClInclude>
    <ClInclude Include="dependencies\Luau\TimeTrace.h">
      <Filter>Header Files</Filter>
    </ClInclude>
    <ClInclude Include="dependencies\Luau\Variant.h">
      <Filter>Header Files</Filter>
    </ClInclude>
    <ClInclude Include="dependencies\Luau\VecDeque.h">
      <Filter>Header Files</Filter>
    </ClInclude>
    <ClInclude Include="dependencies\json\nlohmann\json.hpp">
      <Filter>Header Files</Filter>
    </ClInclude>
    <ClInclude Include="dependencies\json\nlohmann\json_fwd.hpp">
      <Filter>Header Files</Filter>
    </ClInclude>
    <ClInclude Include="dependencies\json\httplib.h">
      <Filter>Header Files</Filter>
    </ClInclude>
    <ClInclude Include="dependencies\json\server.h">
      <Filter>Header Files</Filter>
    </ClInclude>
    <ClInclude Include="dependencies\luacode.h">
      <Filter>Header Files</Filter>
    </ClInclude>
    <ClInclude Include="dependencies\xxhash.h">
      <Filter>Header Files</Filter>
    </ClInclude>
    <ClInclude Include="dependencies\streamio\streamio.hpp">
      <Filter>Header Files</Filter>
    </ClInclude>
    <ClInclude Include="src\rbx\offsets\offsets.hpp">
      <Filter>Header Files</Filter>
    </ClInclude>
    <ClInclude Include="dependencies\zstd\common\allocations.h">
      <Filter>Header Files</Filter>
    </ClInclude>
    <ClInclude Include="dependencies\zstd\common\bits.h">
      <Filter>Header Files</Filter>
    </ClInclude>
    <ClInclude Include="dependencies\zstd\common\bitstream.h">
      <Filter>Header Files</Filter>
    </ClInclude>
    <ClInclude Include="dependencies\zstd\common\compiler.h">
      <Filter>Header Files</Filter>
    </ClInclude>
    <ClInclude Include="dependencies\zstd\common\cpu.h">
      <Filter>Header Files</Filter>
    </ClInclude>
    <ClInclude Include="dependencies\zstd\common\debug.h">
      <Filter>Header Files</Filter>
    </ClInclude>
    <ClInclude Include="dependencies\zstd\common\error_private.h">
      <Filter>Header Files</Filter>
    </ClInclude>
    <ClInclude Include="dependencies\zstd\common\fse.h">
      <Filter>Header Files</Filter>
    </ClInclude>
    <ClInclude Include="dependencies\zstd\common\huf.h">
      <Filter>Header Files</Filter>
    </ClInclude>
    <ClInclude Include="dependencies\zstd\common\mem.h">
      <Filter>Header Files</Filter>
    </ClInclude>
    <ClInclude Include="dependencies\zstd\common\pool.h">
      <Filter>Header Files</Filter>
    </ClInclude>
    <ClInclude Include="dependencies\zstd\common\portability_macros.h">
      <Filter>Header Files</Filter>
    </ClInclude>
    <ClInclude Include="dependencies\zstd\common\threading.h">
      <Filter>Header Files</Filter>
    </ClInclude>
    <ClInclude Include="dependencies\zstd\common\xxhash.h">
      <Filter>Header Files</Filter>
    </ClInclude>
    <ClInclude Include="dependencies\zstd\common\zstd_deps.h">
      <Filter>Header Files</Filter>
    </ClInclude>
    <ClInclude Include="dependencies\zstd\common\zstd_internal.h">
      <Filter>Header Files</Filter>
    </ClInclude>
    <ClInclude Include="dependencies\zstd\common\zstd_trace.h">
      <Filter>Header Files</Filter>
    </ClInclude>
    <ClInclude Include="dependencies\zstd\compress\clevels.h">
      <Filter>Header Files</Filter>
    </ClInclude>
    <ClInclude Include="dependencies\zstd\compress\hist.h">
      <Filter>Header Files</Filter>
    </ClInclude>
    <ClInclude Include="dependencies\zstd\compress\zstd_compress_internal.h">
      <Filter>Header Files</Filter>
    </ClInclude>
    <ClInclude Include="dependencies\zstd\compress\zstd_compress_literals.h">
      <Filter>Header Files</Filter>
    </ClInclude>
    <ClInclude Include="dependencies\zstd\compress\zstd_compress_sequences.h">
      <Filter>Header Files</Filter>
    </ClInclude>
    <ClInclude Include="dependencies\zstd\compress\zstd_compress_superblock.h">
      <Filter>Header Files</Filter>
    </ClInclude>
    <ClInclude Include="dependencies\zstd\compress\zstd_cwksp.h">
      <Filter>Header Files</Filter>
    </ClInclude>
    <ClInclude Include="dependencies\zstd\compress\zstd_double_fast.h">
      <Filter>Header Files</Filter>
    </ClInclude>
    <ClInclude Include="dependencies\zstd\compress\zstd_fast.h">
      <Filter>Header Files</Filter>
    </ClInclude>
    <ClInclude Include="dependencies\zstd\compress\zstd_lazy.h">
      <Filter>Header Files</Filter>
    </ClInclude>
    <ClInclude Include="dependencies\zstd\compress\zstd_ldm.h">
      <Filter>Header Files</Filter>
    </ClInclude>
    <ClInclude Include="dependencies\zstd\compress\zstd_ldm_geartab.h">
      <Filter>Header Files</Filter>
    </ClInclude>
    <ClInclude Include="dependencies\zstd\compress\zstd_opt.h">
      <Filter>Header Files</Filter>
    </ClInclude>
    <ClInclude Include="dependencies\zstd\compress\zstd_preSplit.h">
      <Filter>Header Files</Filter>
    </ClInclude>
    <ClInclude Include="dependencies\zstd\compress\zstdmt_compress.h">
      <Filter>Header Files</Filter>
    </ClInclude>
    <ClInclude Include="dependencies\zstd\decompress\zstd_ddict.h">
      <Filter>Header Files</Filter>
    </ClInclude>
    <ClInclude Include="dependencies\zstd\decompress\zstd_decompress_block.h">
      <Filter>Header Files</Filter>
    </ClInclude>
    <ClInclude Include="dependencies\zstd\decompress\zstd_decompress_internal.h">
      <Filter>Header Files</Filter>
    </ClInclude>
    <ClInclude Include="dependencies\zstd\deprecated\zbuff.h">
      <Filter>Header Files</Filter>
    </ClInclude>
    <ClInclude Include="dependencies\zstd\dictBuilder\cover.h">
      <Filter>Header Files</Filter>
    </ClInclude>
    <ClInclude Include="dependencies\zstd\dictBuilder\divsufsort.h">
      <Filter>Header Files</Filter>
    </ClInclude>
    <ClInclude Include="dependencies\zstd\legacy\zstd_legacy.h">
      <Filter>Header Files</Filter>
    </ClInclude>
    <ClInclude Include="dependencies\zstd\legacy\zstd_v01.h">
      <Filter>Header Files</Filter>
    </ClInclude>
    <ClInclude Include="dependencies\zstd\legacy\zstd_v02.h">
      <Filter>Header Files</Filter>
    </ClInclude>
    <ClInclude Include="dependencies\zstd\legacy\zstd_v03.h">
      <Filter>Header Files</Filter>
    </ClInclude>
    <ClInclude Include="dependencies\zstd\legacy\zstd_v04.h">
      <Filter>Header Files</Filter>
    </ClInclude>
    <ClInclude Include="dependencies\zstd\legacy\zstd_v05.h">
      <Filter>Header Files</Filter>
    </ClInclude>
    <ClInclude Include="dependencies\zstd\legacy\zstd_v06.h">
      <Filter>Header Files</Filter>
    </ClInclude>
    <ClInclude Include="dependencies\zstd\legacy\zstd_v07.h">
      <Filter>Header Files</Filter>
    </ClInclude>
    <ClInclude Include="dependencies\zstd\zdict.h">
      <Filter>Header Files</Filter>
    </ClInclude>
    <ClInclude Include="dependencies\zstd\zstd.h">
      <Filter>Header Files</Filter>
    </ClInclude>
    <ClInclude Include="dependencies\zstd\zstd_errors.h">
      <Filter>Header Files</Filter>
    </ClInclude>
    <ClInclude Include="dependencies\Luau\BuiltinFolding.h">
      <Filter>Header Files</Filter>
    </ClInclude>
    <ClInclude Include="dependencies\Luau\Builtins.h">
      <Filter>Header Files</Filter>
    </ClInclude>
    <ClInclude Include="dependencies\Luau\ConstantFolding.h">
      <Filter>Header Files</Filter>
    </ClInclude>
    <ClInclude Include="dependencies\Luau\CostModel.h">
      <Filter>Header Files</Filter>
    </ClInclude>
    <ClInclude Include="dependencies\Luau\TableShape.h">
      <Filter>Header Files</Filter>
    </ClInclude>
    <ClInclude Include="dependencies\Luau\Types.h">
      <Filter>Header Files</Filter>
    </ClInclude>
    <ClInclude Include="dependencies\Luau\ValueTracking.h">
      <Filter>Header Files</Filter>
    </ClInclude>
    <ClInclude Include="dependencies\imgui\backends\imgui_impl_dx11.h">
      <Filter>Header Files</Filter>
    </ClInclude>
    <ClInclude Include="dependencies\imgui\backends\imgui_impl_win32.h">
      <Filter>Header Files</Filter>
    </ClInclude>
    <ClInclude Include="dependencies\imgui\imconfig.h">
      <Filter>Header Files</Filter>
    </ClInclude>
    <ClInclude Include="dependencies\imgui\imgui.h">
      <Filter>Header Files</Filter>
    </ClInclude>
    <ClInclude Include="dependencies\imgui\imgui_internal.h">
      <Filter>Header Files</Filter>
    </ClInclude>
    <ClInclude Include="dependencies\imgui\imstb_rectpack.h">
      <Filter>Header Files</Filter>
    </ClInclude>
    <ClInclude Include="dependencies\imgui\imstb_textedit.h">
      <Filter>Header Files</Filter>
    </ClInclude>
    <ClInclude Include="dependencies\imgui\imstb_truetype.h">
      <Filter>Header Files</Filter>
    </ClInclude>
    <ClInclude Include="dependencies\imgui\KeybindWidget.h">
      <Filter>Header Files</Filter>
    </ClInclude>
    <ClInclude Include="dependencies\imgui\TextEditor\TextEditor.h">
      <Filter>Header Files</Filter>
    </ClInclude>
    <ClInclude Include="src\overlay\overlay.hpp">
      <Filter>Header Files</Filter>
    </ClInclude>
    <ClInclude Include="resource.h">
      <Filter>Header Files</Filter>
    </ClInclude>
  </ItemGroup>
  <ItemGroup>
    <None Include="init.lua" />
  </ItemGroup>
  <ItemGroup>
    <ResourceCompile Include="resources.rc">
      <Filter>Resource Files</Filter>
    </ResourceCompile>
  </ItemGroup>
</Project>